
Microsoft Visual Studio Solution File, Format Version 12.00
# Visual Studio Version 16
VisualStudioVersion = 16.0.30413.136
MinimumVisualStudioVersion = 10.0.40219.1
Project("{9A19103F-16F7-4668-BE54-9A1E7A4F7556}") = "ProductGrpc", "ProductGrpc\ProductGrpc.csproj", "{FC66ECF5-E390-49C9-8F6A-0F8FF8E056BA}"
EndProject
Project("{9A19103F-16F7-4668-BE54-9A1E7A4F7556}") = "ProductGrpcClient", "ProductGrpcClient\ProductGrpcClient.csproj", "{B48E1E8D-3F9D-4359-81A0-9A03CFA2A546}"
EndProject
Global
	GlobalSection(SolutionConfigurationPlatforms) = preSolution
		Debug|Any CPU = Debug|Any CPU
		Release|Any CPU = Release|Any CPU
	EndGlobalSection
	GlobalSection(ProjectConfigurationPlatforms) = postSolution
		{FC66ECF5-E390-49C9-8F6A-0F8FF8E056BA}.Debug|Any CPU.ActiveCfg = Debug|Any CPU
		{FC66ECF5-E390-49C9-8F6A-0F8FF8E056BA}.Debug|Any CPU.Build.0 = Debug|Any CPU
		{FC66ECF5-E390-49C9-8F6A-0F8FF8E056BA}.Release|Any CPU.ActiveCfg = Release|Any CPU
		{FC66ECF5-E390-49C9-8F6A-0F8FF8E056BA}.Release|Any CPU.Build.0 = Release|Any CPU
		{B48E1E8D-3F9D-4359-81A0-9A03CFA2A546}.Debug|Any CPU.ActiveCfg = Debug|Any CPU
		{B48E1E8D-3F9D-4359-81A0-9A03CFA2A546}.Debug|Any CPU.Build.0 = Debug|Any CPU
		{B48E1E8D-3F9D-4359-81A0-9A03CFA2A546}.Release|Any CPU.ActiveCfg = Release|Any CPU
		{B48E1E8D-3F9D-4359-81A0-9A03CFA2A546}.Release|Any CPU.Build.0 = Release|Any CPU
	EndGlobalSection
	GlobalSection(SolutionProperties) = preSolution
		HideSolutionNode = FALSE
	EndGlobalSection
	GlobalSection(ExtensibilityGlobals) = postSolution
		SolutionGuid = {50411588-D804-4C5B-9AAE-B044E7113E72}
	EndGlobalSection
EndGlobal
