
Microsoft Visual Studio Solution File, Format Version 12.00
# Visual Studio Version 16
VisualStudioVersion = 16.0.30413.136
MinimumVisualStudioVersion = 10.0.40219.1
Project("{FAE04EC0-301F-11D3-BF4B-00C04F79EFBC}") = "ProductGrpc", "ProductGrpc\ProductGrpc.csproj", "{FC66ECF5-E390-49C9-8F6A-0F8FF8E056BA}"
EndProject
Project("{2150E333-8FDC-42A3-9474-1A3956D46DE8}") = "Protos", "Protos", "{5C0C66AB-7601-4ABF-9FE1-ECF44396D0D2}"
	ProjectSection(SolutionItems) = preProject
		Protos\asd.proto = Protos\asd.proto
	EndProjectSection
EndProject
Project("{FAE04EC0-301F-11D3-BF4B-00C04F79EFBC}") = "ConsoleApp1", "ConsoleApp1\ConsoleApp1.csproj", "{93A753F2-E9A3-402A-BB14-2FD0B0535E4A}"
EndProject
Global
	GlobalSection(SolutionConfigurationPlatforms) = preSolution
		Debug|Any CPU = Debug|Any CPU
		Release|Any CPU = Release|Any CPU
	EndGlobalSection
	GlobalSection(ProjectConfigurationPlatforms) = postSolution
		{FC66ECF5-E390-49C9-8F6A-0F8FF8E056BA}.Debug|Any CPU.ActiveCfg = Debug|Any CPU
		{FC66ECF5-E390-49C9-8F6A-0F8FF8E056BA}.Debug|Any CPU.Build.0 = Debug|Any CPU
		{FC66ECF5-E390-49C9-8F6A-0F8FF8E056BA}.Release|Any CPU.ActiveCfg = Release|Any CPU
		{FC66ECF5-E390-49C9-8F6A-0F8FF8E056BA}.Release|Any CPU.Build.0 = Release|Any CPU
		{93A753F2-E9A3-402A-BB14-2FD0B0535E4A}.Debug|Any CPU.ActiveCfg = Debug|Any CPU
		{93A753F2-E9A3-402A-BB14-2FD0B0535E4A}.Debug|Any CPU.Build.0 = Debug|Any CPU
		{93A753F2-E9A3-402A-BB14-2FD0B0535E4A}.Release|Any CPU.ActiveCfg = Release|Any CPU
		{93A753F2-E9A3-402A-BB14-2FD0B0535E4A}.Release|Any CPU.Build.0 = Release|Any CPU
	EndGlobalSection
	GlobalSection(SolutionProperties) = preSolution
		HideSolutionNode = FALSE
	EndGlobalSection
	GlobalSection(ExtensibilityGlobals) = postSolution
		SolutionGuid = {50411588-D804-4C5B-9AAE-B044E7113E72}
	EndGlobalSection
EndGlobal
